
Microsoft Visual Studio Solution File, Format Version 11.00
# Visual Studio 2010
Project("{FAE04EC0-301F-11D3-BF4B-00C04F79EFBC}") = "Assembly-CSharp", "Assembly-CSharp.csproj", "{BCFF52B4-C1FD-FF37-BD30-B9C2339549E0}"
EndProject
Project("{FAE04EC0-301F-11D3-BF4B-00C04F79EFBC}") = "Assembly-CSharp-Editor", "Assembly-CSharp-Editor.csproj", "{776D106B-A92A-D243-C715-F0FF9B0AE4A5}"
EndProject
Global
	GlobalSection(SolutionConfigurationPlatforms) = preSolution
		Debug|Any CPU = Debug|Any CPU
		Release|Any CPU = Release|Any CPU
	EndGlobalSection
	GlobalSection(ProjectConfigurationPlatforms) = postSolution
		{BCFF52B4-C1FD-FF37-BD30-B9C2339549E0}.Debug|Any CPU.ActiveCfg = Debug|Any CPU
		{BCFF52B4-C1FD-FF37-BD30-B9C2339549E0}.Debug|Any CPU.Build.0 = Debug|Any CPU
		{BCFF52B4-C1FD-FF37-BD30-B9C2339549E0}.Release|Any CPU.ActiveCfg = Release|Any CPU
		{BCFF52B4-C1FD-FF37-BD30-B9C2339549E0}.Release|Any CPU.Build.0 = Release|Any CPU
		{776D106B-A92A-D243-C715-F0FF9B0AE4A5}.Debug|Any CPU.ActiveCfg = Debug|Any CPU
		{776D106B-A92A-D243-C715-F0FF9B0AE4A5}.Debug|Any CPU.Build.0 = Debug|Any CPU
		{776D106B-A92A-D243-C715-F0FF9B0AE4A5}.Release|Any CPU.ActiveCfg = Release|Any CPU
		{776D106B-A92A-D243-C715-F0FF9B0AE4A5}.Release|Any CPU.Build.0 = Release|Any CPU
	EndGlobalSection
	GlobalSection(SolutionProperties) = preSolution
		HideSolutionNode = FALSE
	EndGlobalSection
EndGlobal
